// !$*UTF8*$!
{
	archiveVersion = 1;
	classes = {
	};
	objectVersion = 46;
	objects = {

/* Begin PBXBuildFile section */
		228CCF898398535C2CDEF68F /* libPods-Jointly.a in Frameworks */ = {isa = PBXBuildFile; fileRef = 51187552BC8A047CB8F5F748 /* libPods-Jointly.a */; };
		56369B541B67F4020013DEDE /* MaybeFocusingViewController.swift in Sources */ = {isa = PBXBuildFile; fileRef = 56369B531B67F4020013DEDE /* MaybeFocusingViewController.swift */; };
		5637B5FD1B6A800200A3DDA8 /* UserInfoViewController.swift in Sources */ = {isa = PBXBuildFile; fileRef = 5637B5FC1B6A800200A3DDA8 /* UserInfoViewController.swift */; };
		564E9E391B6FD5C900115FB5 /* UserInfoModel.swift in Sources */ = {isa = PBXBuildFile; fileRef = 564E9E381B6FD5C900115FB5 /* UserInfoModel.swift */; };
		5654A07E1B7021A80053B53C /* PunishmentViewController.swift in Sources */ = {isa = PBXBuildFile; fileRef = 5654A07D1B7021A80053B53C /* PunishmentViewController.swift */; };
		565577991B7BBF53009B2D5E /* ScreenLockObserver.m in Sources */ = {isa = PBXBuildFile; fileRef = 565577981B7BBF53009B2D5E /* ScreenLockObserver.m */; };
		5663FBBA1B7546080039109D /* HappyViewController.swift in Sources */ = {isa = PBXBuildFile; fileRef = 5663FBB91B7546080039109D /* HappyViewController.swift */; };
		5663FBBC1B7568AA0039109D /* Crashlytics.framework in Frameworks */ = {isa = PBXBuildFile; fileRef = 5663FBBB1B7568AA0039109D /* Crashlytics.framework */; };
		56647E391B616ED500DE40D7 /* PFUser+Digits.m in Sources */ = {isa = PBXBuildFile; fileRef = 56647E381B616ED500DE40D7 /* PFUser+Digits.m */; };
		56713FB91B7CFECD006A2A3E /* RMPhoneFormat.m in Sources */ = {isa = PBXBuildFile; fileRef = 56713FB81B7CFECD006A2A3E /* RMPhoneFormat.m */; };
		56A22A161B4EE2860061BF26 /* AppDelegate.swift in Sources */ = {isa = PBXBuildFile; fileRef = 56A22A151B4EE2860061BF26 /* AppDelegate.swift */; };
		56A22A1D1B4EE2860061BF26 /* Images.xcassets in Resources */ = {isa = PBXBuildFile; fileRef = 56A22A1C1B4EE2860061BF26 /* Images.xcassets */; };
		56A22A201B4EE2860061BF26 /* LaunchScreen.xib in Resources */ = {isa = PBXBuildFile; fileRef = 56A22A1E1B4EE2860061BF26 /* LaunchScreen.xib */; };
		56A22A2C1B4EE2860061BF26 /* JointlyTests.swift in Sources */ = {isa = PBXBuildFile; fileRef = 56A22A2B1B4EE2860061BF26 /* JointlyTests.swift */; };
		56A22A3A1B4EE2C40061BF26 /* Fabric.framework in Frameworks */ = {isa = PBXBuildFile; fileRef = 56A22A361B4EE2C40061BF26 /* Fabric.framework */; };
		56A22A3B1B4EE2C40061BF26 /* DigitsKit.framework in Frameworks */ = {isa = PBXBuildFile; fileRef = 56A22A371B4EE2C40061BF26 /* DigitsKit.framework */; };
		56A22A3C1B4EE2C40061BF26 /* DigitsKitResources.bundle in Resources */ = {isa = PBXBuildFile; fileRef = 56A22A381B4EE2C40061BF26 /* DigitsKitResources.bundle */; };
		56A22A3D1B4EE2C40061BF26 /* TwitterCore.framework in Frameworks */ = {isa = PBXBuildFile; fileRef = 56A22A391B4EE2C40061BF26 /* TwitterCore.framework */; };
		56A22A3F1B4EE3010061BF26 /* LoginViewController.swift in Sources */ = {isa = PBXBuildFile; fileRef = 56A22A3E1B4EE3010061BF26 /* LoginViewController.swift */; };
		56A22A461B4F40E20061BF26 /* OnBoardViewController.swift in Sources */ = {isa = PBXBuildFile; fileRef = 56A22A451B4F40E20061BF26 /* OnBoardViewController.swift */; };
		56A22A481B4F41360061BF26 /* OnBoardDetailsViewController.swift in Sources */ = {isa = PBXBuildFile; fileRef = 56A22A471B4F41360061BF26 /* OnBoardDetailsViewController.swift */; };
		56A388821B7B06B400CD77B7 /* Main.storyboard in Resources */ = {isa = PBXBuildFile; fileRef = 56A388801B7B06B400CD77B7 /* Main.storyboard */; };
		56B273AE1B597C5400B7070E /* AddressBookUI.framework in Frameworks */ = {isa = PBXBuildFile; fileRef = 56B273AD1B597C5400B7070E /* AddressBookUI.framework */; };
		56BB80F11B600A9900BA53EE /* Parse.framework in Frameworks */ = {isa = PBXBuildFile; fileRef = 56BB80F01B600A9900BA53EE /* Parse.framework */; };
		56BB80F31B600AA500BA53EE /* Bolts.framework in Frameworks */ = {isa = PBXBuildFile; fileRef = 56BB80F21B600AA500BA53EE /* Bolts.framework */; };
		56BB80F51B600AF000BA53EE /* AudioToolbox.framework in Frameworks */ = {isa = PBXBuildFile; fileRef = 56BB80F41B600AF000BA53EE /* AudioToolbox.framework */; };
		56BB80F71B600AF800BA53EE /* CFNetwork.framework in Frameworks */ = {isa = PBXBuildFile; fileRef = 56BB80F61B600AF800BA53EE /* CFNetwork.framework */; };
		56BB80F91B600B0000BA53EE /* CoreGraphics.framework in Frameworks */ = {isa = PBXBuildFile; fileRef = 56BB80F81B600B0000BA53EE /* CoreGraphics.framework */; };
		56BB80FB1B600B0600BA53EE /* CoreLocation.framework in Frameworks */ = {isa = PBXBuildFile; fileRef = 56BB80FA1B600B0600BA53EE /* CoreLocation.framework */; };
		56BB80FD1B600B0F00BA53EE /* QuartzCore.framework in Frameworks */ = {isa = PBXBuildFile; fileRef = 56BB80FC1B600B0F00BA53EE /* QuartzCore.framework */; };
		56BB80FF1B600B1600BA53EE /* Security.framework in Frameworks */ = {isa = PBXBuildFile; fileRef = 56BB80FE1B600B1600BA53EE /* Security.framework */; };
		56BB81011B600B1C00BA53EE /* StoreKit.framework in Frameworks */ = {isa = PBXBuildFile; fileRef = 56BB81001B600B1C00BA53EE /* StoreKit.framework */; };
		56BB81031B600B2400BA53EE /* SystemConfiguration.framework in Frameworks */ = {isa = PBXBuildFile; fileRef = 56BB81021B600B2400BA53EE /* SystemConfiguration.framework */; };
		56BB81051B600B3400BA53EE /* libz.dylib in Frameworks */ = {isa = PBXBuildFile; fileRef = 56BB81041B600B3400BA53EE /* libz.dylib */; };
		56BB81071B600B4100BA53EE /* libsqlite3.dylib in Frameworks */ = {isa = PBXBuildFile; fileRef = 56BB81061B600B4100BA53EE /* libsqlite3.dylib */; };
		56BB810A1B60211500BA53EE /* Accounts.framework in Frameworks */ = {isa = PBXBuildFile; fileRef = 56BB81081B60211500BA53EE /* Accounts.framework */; };
		56BB810B1B60211500BA53EE /* Social.framework in Frameworks */ = {isa = PBXBuildFile; fileRef = 56BB81091B60211500BA53EE /* Social.framework */; };
		56CC78131B5866DA001CD4BC /* SuggestPenaltyViewController.swift in Sources */ = {isa = PBXBuildFile; fileRef = 56CC78121B5866DA001CD4BC /* SuggestPenaltyViewController.swift */; };
		56CE42251B66F71D0040DEE8 /* TimerViewController.swift in Sources */ = {isa = PBXBuildFile; fileRef = 56CE42241B66F71D0040DEE8 /* TimerViewController.swift */; };
		56FE6DB61B6BF09000822C94 /* ReceiveSuggestPenaltyViewController.swift in Sources */ = {isa = PBXBuildFile; fileRef = 56FE6DB51B6BF09000822C94 /* ReceiveSuggestPenaltyViewController.swift */; };
		56FFD43F1B55A0C9002AC02E /* HomeViewController.swift in Sources */ = {isa = PBXBuildFile; fileRef = 56FFD43E1B55A0C9002AC02E /* HomeViewController.swift */; };
		56FFD4421B55C570002AC02E /* CreateMomentViewController.swift in Sources */ = {isa = PBXBuildFile; fileRef = 56FFD4411B55C570002AC02E /* CreateMomentViewController.swift */; };
/* End PBXBuildFile section */

/* Begin PBXContainerItemProxy section */
		56A22A261B4EE2860061BF26 /* PBXContainerItemProxy */ = {
			isa = PBXContainerItemProxy;
			containerPortal = 56A22A081B4EE2860061BF26 /* Project object */;
			proxyType = 1;
			remoteGlobalIDString = 56A22A0F1B4EE2860061BF26;
			remoteInfo = Jointly;
		};
/* End PBXContainerItemProxy section */

/* Begin PBXFileReference section */
		51187552BC8A047CB8F5F748 /* libPods-Jointly.a */ = {isa = PBXFileReference; explicitFileType = archive.ar; includeInIndex = 0; path = "libPods-Jointly.a"; sourceTree = BUILT_PRODUCTS_DIR; };
		56369B531B67F4020013DEDE /* MaybeFocusingViewController.swift */ = {isa = PBXFileReference; fileEncoding = 4; lastKnownFileType = sourcecode.swift; path = MaybeFocusingViewController.swift; sourceTree = "<group>"; };
		5637B5FC1B6A800200A3DDA8 /* UserInfoViewController.swift */ = {isa = PBXFileReference; fileEncoding = 4; lastKnownFileType = sourcecode.swift; path = UserInfoViewController.swift; sourceTree = "<group>"; };
		564E9E381B6FD5C900115FB5 /* UserInfoModel.swift */ = {isa = PBXFileReference; fileEncoding = 4; lastKnownFileType = sourcecode.swift; path = UserInfoModel.swift; sourceTree = "<group>"; };
		5654A07D1B7021A80053B53C /* PunishmentViewController.swift */ = {isa = PBXFileReference; fileEncoding = 4; lastKnownFileType = sourcecode.swift; path = PunishmentViewController.swift; sourceTree = "<group>"; };
		565577971B7BBF53009B2D5E /* ScreenLockObserver.h */ = {isa = PBXFileReference; fileEncoding = 4; lastKnownFileType = sourcecode.c.h; path = ScreenLockObserver.h; sourceTree = "<group>"; };
		565577981B7BBF53009B2D5E /* ScreenLockObserver.m */ = {isa = PBXFileReference; fileEncoding = 4; lastKnownFileType = sourcecode.c.objc; path = ScreenLockObserver.m; sourceTree = "<group>"; };
		5663FBB91B7546080039109D /* HappyViewController.swift */ = {isa = PBXFileReference; fileEncoding = 4; lastKnownFileType = sourcecode.swift; path = HappyViewController.swift; sourceTree = "<group>"; };
		5663FBBB1B7568AA0039109D /* Crashlytics.framework */ = {isa = PBXFileReference; lastKnownFileType = wrapper.framework; path = Crashlytics.framework; sourceTree = "<group>"; };
		56647E371B616ED500DE40D7 /* PFUser+Digits.h */ = {isa = PBXFileReference; fileEncoding = 4; lastKnownFileType = sourcecode.c.h; path = "PFUser+Digits.h"; sourceTree = "<group>"; };
		56647E381B616ED500DE40D7 /* PFUser+Digits.m */ = {isa = PBXFileReference; fileEncoding = 4; lastKnownFileType = sourcecode.c.objc; path = "PFUser+Digits.m"; sourceTree = "<group>"; };
		56713FB71B7CFECD006A2A3E /* RMPhoneFormat.h */ = {isa = PBXFileReference; fileEncoding = 4; lastKnownFileType = sourcecode.c.h; path = RMPhoneFormat.h; sourceTree = "<group>"; };
		56713FB81B7CFECD006A2A3E /* RMPhoneFormat.m */ = {isa = PBXFileReference; fileEncoding = 4; lastKnownFileType = sourcecode.c.objc; path = RMPhoneFormat.m; sourceTree = "<group>"; };
		56713FBA1B7CFEDE006A2A3E /* PhoneFormats.dat */ = {isa = PBXFileReference; lastKnownFileType = file; path = PhoneFormats.dat; sourceTree = "<group>"; };
		56A22A101B4EE2860061BF26 /* Jointly.app */ = {isa = PBXFileReference; explicitFileType = wrapper.application; includeInIndex = 0; path = Jointly.app; sourceTree = BUILT_PRODUCTS_DIR; };
		56A22A141B4EE2860061BF26 /* Info.plist */ = {isa = PBXFileReference; lastKnownFileType = text.plist.xml; path = Info.plist; sourceTree = "<group>"; };
		56A22A151B4EE2860061BF26 /* AppDelegate.swift */ = {isa = PBXFileReference; lastKnownFileType = sourcecode.swift; path = AppDelegate.swift; sourceTree = "<group>"; };
		56A22A1C1B4EE2860061BF26 /* Images.xcassets */ = {isa = PBXFileReference; lastKnownFileType = folder.assetcatalog; path = Images.xcassets; sourceTree = "<group>"; };
		56A22A1F1B4EE2860061BF26 /* Base */ = {isa = PBXFileReference; lastKnownFileType = file.xib; name = Base; path = Base.lproj/LaunchScreen.xib; sourceTree = "<group>"; };
		56A22A251B4EE2860061BF26 /* JointlyTests.xctest */ = {isa = PBXFileReference; explicitFileType = wrapper.cfbundle; includeInIndex = 0; path = JointlyTests.xctest; sourceTree = BUILT_PRODUCTS_DIR; };
		56A22A2A1B4EE2860061BF26 /* Info.plist */ = {isa = PBXFileReference; lastKnownFileType = text.plist.xml; path = Info.plist; sourceTree = "<group>"; };
		56A22A2B1B4EE2860061BF26 /* JointlyTests.swift */ = {isa = PBXFileReference; lastKnownFileType = sourcecode.swift; path = JointlyTests.swift; sourceTree = "<group>"; };
		56A22A361B4EE2C40061BF26 /* Fabric.framework */ = {isa = PBXFileReference; lastKnownFileType = wrapper.framework; path = Fabric.framework; sourceTree = "<group>"; };
		56A22A371B4EE2C40061BF26 /* DigitsKit.framework */ = {isa = PBXFileReference; lastKnownFileType = wrapper.framework; path = DigitsKit.framework; sourceTree = "<group>"; };
		56A22A381B4EE2C40061BF26 /* DigitsKitResources.bundle */ = {isa = PBXFileReference; lastKnownFileType = "wrapper.plug-in"; name = DigitsKitResources.bundle; path = DigitsKit.framework/Versions/A/Resources/DigitsKitResources.bundle; sourceTree = "<group>"; };
		56A22A391B4EE2C40061BF26 /* TwitterCore.framework */ = {isa = PBXFileReference; lastKnownFileType = wrapper.framework; path = TwitterCore.framework; sourceTree = "<group>"; };
		56A22A3E1B4EE3010061BF26 /* LoginViewController.swift */ = {isa = PBXFileReference; fileEncoding = 4; lastKnownFileType = sourcecode.swift; path = LoginViewController.swift; sourceTree = "<group>"; };
		56A22A451B4F40E20061BF26 /* OnBoardViewController.swift */ = {isa = PBXFileReference; fileEncoding = 4; lastKnownFileType = sourcecode.swift; path = OnBoardViewController.swift; sourceTree = "<group>"; };
		56A22A471B4F41360061BF26 /* OnBoardDetailsViewController.swift */ = {isa = PBXFileReference; fileEncoding = 4; lastKnownFileType = sourcecode.swift; path = OnBoardDetailsViewController.swift; sourceTree = "<group>"; };
		56A388811B7B06B400CD77B7 /* Base */ = {isa = PBXFileReference; lastKnownFileType = file.storyboard; name = Base; path = Base.lproj/Main.storyboard; sourceTree = "<group>"; };
		56B273AC1B5977EE00B7070E /* Jointly-Bridging-Header.h */ = {isa = PBXFileReference; lastKnownFileType = sourcecode.c.h; path = "Jointly-Bridging-Header.h"; sourceTree = "<group>"; };
		56B273AD1B597C5400B7070E /* AddressBookUI.framework */ = {isa = PBXFileReference; lastKnownFileType = wrapper.framework; name = AddressBookUI.framework; path = System/Library/Frameworks/AddressBookUI.framework; sourceTree = SDKROOT; };
		56BB80F01B600A9900BA53EE /* Parse.framework */ = {isa = PBXFileReference; lastKnownFileType = wrapper.framework; path = Parse.framework; sourceTree = "<group>"; };
		56BB80F21B600AA500BA53EE /* Bolts.framework */ = {isa = PBXFileReference; lastKnownFileType = wrapper.framework; path = Bolts.framework; sourceTree = "<group>"; };
		56BB80F41B600AF000BA53EE /* AudioToolbox.framework */ = {isa = PBXFileReference; lastKnownFileType = wrapper.framework; name = AudioToolbox.framework; path = System/Library/Frameworks/AudioToolbox.framework; sourceTree = SDKROOT; };
		56BB80F61B600AF800BA53EE /* CFNetwork.framework */ = {isa = PBXFileReference; lastKnownFileType = wrapper.framework; name = CFNetwork.framework; path = System/Library/Frameworks/CFNetwork.framework; sourceTree = SDKROOT; };
		56BB80F81B600B0000BA53EE /* CoreGraphics.framework */ = {isa = PBXFileReference; lastKnownFileType = wrapper.framework; name = CoreGraphics.framework; path = System/Library/Frameworks/CoreGraphics.framework; sourceTree = SDKROOT; };
		56BB80FA1B600B0600BA53EE /* CoreLocation.framework */ = {isa = PBXFileReference; lastKnownFileType = wrapper.framework; name = CoreLocation.framework; path = System/Library/Frameworks/CoreLocation.framework; sourceTree = SDKROOT; };
		56BB80FC1B600B0F00BA53EE /* QuartzCore.framework */ = {isa = PBXFileReference; lastKnownFileType = wrapper.framework; name = QuartzCore.framework; path = System/Library/Frameworks/QuartzCore.framework; sourceTree = SDKROOT; };
		56BB80FE1B600B1600BA53EE /* Security.framework */ = {isa = PBXFileReference; lastKnownFileType = wrapper.framework; name = Security.framework; path = System/Library/Frameworks/Security.framework; sourceTree = SDKROOT; };
		56BB81001B600B1C00BA53EE /* StoreKit.framework */ = {isa = PBXFileReference; lastKnownFileType = wrapper.framework; name = StoreKit.framework; path = System/Library/Frameworks/StoreKit.framework; sourceTree = SDKROOT; };
		56BB81021B600B2400BA53EE /* SystemConfiguration.framework */ = {isa = PBXFileReference; lastKnownFileType = wrapper.framework; name = SystemConfiguration.framework; path = System/Library/Frameworks/SystemConfiguration.framework; sourceTree = SDKROOT; };
		56BB81041B600B3400BA53EE /* libz.dylib */ = {isa = PBXFileReference; lastKnownFileType = "compiled.mach-o.dylib"; name = libz.dylib; path = usr/lib/libz.dylib; sourceTree = SDKROOT; };
		56BB81061B600B4100BA53EE /* libsqlite3.dylib */ = {isa = PBXFileReference; lastKnownFileType = "compiled.mach-o.dylib"; name = libsqlite3.dylib; path = usr/lib/libsqlite3.dylib; sourceTree = SDKROOT; };
		56BB81081B60211500BA53EE /* Accounts.framework */ = {isa = PBXFileReference; lastKnownFileType = wrapper.framework; name = Accounts.framework; path = System/Library/Frameworks/Accounts.framework; sourceTree = SDKROOT; };
		56BB81091B60211500BA53EE /* Social.framework */ = {isa = PBXFileReference; lastKnownFileType = wrapper.framework; name = Social.framework; path = System/Library/Frameworks/Social.framework; sourceTree = SDKROOT; };
		56CC78121B5866DA001CD4BC /* SuggestPenaltyViewController.swift */ = {isa = PBXFileReference; fileEncoding = 4; lastKnownFileType = sourcecode.swift; path = SuggestPenaltyViewController.swift; sourceTree = "<group>"; };
		56CE42241B66F71D0040DEE8 /* TimerViewController.swift */ = {isa = PBXFileReference; fileEncoding = 4; lastKnownFileType = sourcecode.swift; path = TimerViewController.swift; sourceTree = "<group>"; };
		56FE6DB51B6BF09000822C94 /* ReceiveSuggestPenaltyViewController.swift */ = {isa = PBXFileReference; fileEncoding = 4; lastKnownFileType = sourcecode.swift; path = ReceiveSuggestPenaltyViewController.swift; sourceTree = "<group>"; };
		56FFD43E1B55A0C9002AC02E /* HomeViewController.swift */ = {isa = PBXFileReference; fileEncoding = 4; lastKnownFileType = sourcecode.swift; path = HomeViewController.swift; sourceTree = "<group>"; };
		56FFD4411B55C570002AC02E /* CreateMomentViewController.swift */ = {isa = PBXFileReference; fileEncoding = 4; lastKnownFileType = sourcecode.swift; path = CreateMomentViewController.swift; sourceTree = "<group>"; };
		897E20E017482D8EA450412A /* Pods-Jointly.release.xcconfig */ = {isa = PBXFileReference; includeInIndex = 1; lastKnownFileType = text.xcconfig; name = "Pods-Jointly.release.xcconfig"; path = "Pods/Target Support Files/Pods-Jointly/Pods-Jointly.release.xcconfig"; sourceTree = "<group>"; };
		BB9F3660C2C4C290661FE58A /* Pods-Jointly.debug.xcconfig */ = {isa = PBXFileReference; includeInIndex = 1; lastKnownFileType = text.xcconfig; name = "Pods-Jointly.debug.xcconfig"; path = "Pods/Target Support Files/Pods-Jointly/Pods-Jointly.debug.xcconfig"; sourceTree = "<group>"; };
/* End PBXFileReference section */

/* Begin PBXFrameworksBuildPhase section */
		56A22A0D1B4EE2860061BF26 /* Frameworks */ = {
			isa = PBXFrameworksBuildPhase;
			buildActionMask = 2147483647;
			files = (
				56BB810A1B60211500BA53EE /* Accounts.framework in Frameworks */,
				56BB810B1B60211500BA53EE /* Social.framework in Frameworks */,
				56BB81071B600B4100BA53EE /* libsqlite3.dylib in Frameworks */,
				56BB81051B600B3400BA53EE /* libz.dylib in Frameworks */,
				56BB81031B600B2400BA53EE /* SystemConfiguration.framework in Frameworks */,
				56BB81011B600B1C00BA53EE /* StoreKit.framework in Frameworks */,
				5663FBBC1B7568AA0039109D /* Crashlytics.framework in Frameworks */,
				56BB80FF1B600B1600BA53EE /* Security.framework in Frameworks */,
				56BB80FD1B600B0F00BA53EE /* QuartzCore.framework in Frameworks */,
				56BB80FB1B600B0600BA53EE /* CoreLocation.framework in Frameworks */,
				56BB80F91B600B0000BA53EE /* CoreGraphics.framework in Frameworks */,
				56BB80F71B600AF800BA53EE /* CFNetwork.framework in Frameworks */,
				56BB80F51B600AF000BA53EE /* AudioToolbox.framework in Frameworks */,
				56B273AE1B597C5400B7070E /* AddressBookUI.framework in Frameworks */,
				56A22A3A1B4EE2C40061BF26 /* Fabric.framework in Frameworks */,
				56A22A3D1B4EE2C40061BF26 /* TwitterCore.framework in Frameworks */,
				56A22A3B1B4EE2C40061BF26 /* DigitsKit.framework in Frameworks */,
				56BB80F11B600A9900BA53EE /* Parse.framework in Frameworks */,
				228CCF898398535C2CDEF68F /* libPods-Jointly.a in Frameworks */,
				56BB80F31B600AA500BA53EE /* Bolts.framework in Frameworks */,
			);
			runOnlyForDeploymentPostprocessing = 0;
		};
		56A22A221B4EE2860061BF26 /* Frameworks */ = {
			isa = PBXFrameworksBuildPhase;
			buildActionMask = 2147483647;
			files = (
			);
			runOnlyForDeploymentPostprocessing = 0;
		};
/* End PBXFrameworksBuildPhase section */

/* Begin PBXGroup section */
		56A22A071B4EE2860061BF26 = {
			isa = PBXGroup;
			children = (
				5663FBBB1B7568AA0039109D /* Crashlytics.framework */,
				56BB80EF1B600A7400BA53EE /* Parse */,
				56CC755C1B571CAF001CD4BC /* Frameworks */,
				56A22A121B4EE2860061BF26 /* Jointly */,
				56A22A281B4EE2860061BF26 /* JointlyTests */,
				56A22A111B4EE2860061BF26 /* Products */,
				CD0F4816EC13E7C045429151 /* Pods */,
			);
			sourceTree = "<group>";
		};
		56A22A111B4EE2860061BF26 /* Products */ = {
			isa = PBXGroup;
			children = (
				56A22A101B4EE2860061BF26 /* Jointly.app */,
				56A22A251B4EE2860061BF26 /* JointlyTests.xctest */,
			);
			name = Products;
			sourceTree = "<group>";
		};
		56A22A121B4EE2860061BF26 /* Jointly */ = {
			isa = PBXGroup;
			children = (
				56A22A151B4EE2860061BF26 /* AppDelegate.swift */,
				56A388801B7B06B400CD77B7 /* Main.storyboard */,
				56A22A1C1B4EE2860061BF26 /* Images.xcassets */,
				56A22A1E1B4EE2860061BF26 /* LaunchScreen.xib */,
				56A22A421B4F13410061BF26 /* View Controllers */,
				56A22A131B4EE2860061BF26 /* Supporting Files */,
			);
			path = Jointly;
			sourceTree = "<group>";
		};
		56A22A131B4EE2860061BF26 /* Supporting Files */ = {
			isa = PBXGroup;
			children = (
				56713FB71B7CFECD006A2A3E /* RMPhoneFormat.h */,
				56713FB81B7CFECD006A2A3E /* RMPhoneFormat.m */,
				56713FBA1B7CFEDE006A2A3E /* PhoneFormats.dat */,
				565577971B7BBF53009B2D5E /* ScreenLockObserver.h */,
				565577981B7BBF53009B2D5E /* ScreenLockObserver.m */,
				56A22A141B4EE2860061BF26 /* Info.plist */,
				56B273AC1B5977EE00B7070E /* Jointly-Bridging-Header.h */,
				56647E371B616ED500DE40D7 /* PFUser+Digits.h */,
				56647E381B616ED500DE40D7 /* PFUser+Digits.m */,
				564E9E381B6FD5C900115FB5 /* UserInfoModel.swift */,
			);
			name = "Supporting Files";
			sourceTree = "<group>";
		};
		56A22A281B4EE2860061BF26 /* JointlyTests */ = {
			isa = PBXGroup;
			children = (
				56A22A2B1B4EE2860061BF26 /* JointlyTests.swift */,
				56A22A291B4EE2860061BF26 /* Supporting Files */,
			);
			path = JointlyTests;
			sourceTree = "<group>";
		};
		56A22A291B4EE2860061BF26 /* Supporting Files */ = {
			isa = PBXGroup;
			children = (
				56A22A2A1B4EE2860061BF26 /* Info.plist */,
			);
			name = "Supporting Files";
			sourceTree = "<group>";
		};
		56A22A421B4F13410061BF26 /* View Controllers */ = {
			isa = PBXGroup;
			children = (
				56A22A451B4F40E20061BF26 /* OnBoardViewController.swift */,
				56A22A471B4F41360061BF26 /* OnBoardDetailsViewController.swift */,
				56A22A3E1B4EE3010061BF26 /* LoginViewController.swift */,
				5637B5FC1B6A800200A3DDA8 /* UserInfoViewController.swift */,
				56FFD43E1B55A0C9002AC02E /* HomeViewController.swift */,
				56FFD4411B55C570002AC02E /* CreateMomentViewController.swift */,
				56CC78121B5866DA001CD4BC /* SuggestPenaltyViewController.swift */,
				56369B531B67F4020013DEDE /* MaybeFocusingViewController.swift */,
				56FE6DB51B6BF09000822C94 /* ReceiveSuggestPenaltyViewController.swift */,
				56CE42241B66F71D0040DEE8 /* TimerViewController.swift */,
				5654A07D1B7021A80053B53C /* PunishmentViewController.swift */,
				5663FBB91B7546080039109D /* HappyViewController.swift */,
			);
			name = "View Controllers";
			sourceTree = "<group>";
		};
		56BB80EF1B600A7400BA53EE /* Parse */ = {
			isa = PBXGroup;
			children = (
				56BB80F01B600A9900BA53EE /* Parse.framework */,
				56BB80F21B600AA500BA53EE /* Bolts.framework */,
			);
			name = Parse;
			sourceTree = "<group>";
		};
		56CC755C1B571CAF001CD4BC /* Frameworks */ = {
			isa = PBXGroup;
			children = (
				56BB81081B60211500BA53EE /* Accounts.framework */,
				56BB81091B60211500BA53EE /* Social.framework */,
				56BB81061B600B4100BA53EE /* libsqlite3.dylib */,
				56BB81041B600B3400BA53EE /* libz.dylib */,
				56BB81021B600B2400BA53EE /* SystemConfiguration.framework */,
				56BB81001B600B1C00BA53EE /* StoreKit.framework */,
				56BB80FE1B600B1600BA53EE /* Security.framework */,
				56BB80FC1B600B0F00BA53EE /* QuartzCore.framework */,
				56BB80FA1B600B0600BA53EE /* CoreLocation.framework */,
				56BB80F81B600B0000BA53EE /* CoreGraphics.framework */,
				56BB80F61B600AF800BA53EE /* CFNetwork.framework */,
				56BB80F41B600AF000BA53EE /* AudioToolbox.framework */,
				56B273AD1B597C5400B7070E /* AddressBookUI.framework */,
				56A22A361B4EE2C40061BF26 /* Fabric.framework */,
				56A22A371B4EE2C40061BF26 /* DigitsKit.framework */,
				56A22A381B4EE2C40061BF26 /* DigitsKitResources.bundle */,
				56A22A391B4EE2C40061BF26 /* TwitterCore.framework */,
				51187552BC8A047CB8F5F748 /* libPods-Jointly.a */,
			);
			name = Frameworks;
			sourceTree = "<group>";
		};
		CD0F4816EC13E7C045429151 /* Pods */ = {
			isa = PBXGroup;
			children = (
				BB9F3660C2C4C290661FE58A /* Pods-Jointly.debug.xcconfig */,
				897E20E017482D8EA450412A /* Pods-Jointly.release.xcconfig */,
			);
			name = Pods;
			sourceTree = "<group>";
		};
/* End PBXGroup section */

/* Begin PBXNativeTarget section */
		56A22A0F1B4EE2860061BF26 /* Jointly */ = {
			isa = PBXNativeTarget;
			buildConfigurationList = 56A22A2F1B4EE2860061BF26 /* Build configuration list for PBXNativeTarget "Jointly" */;
			buildPhases = (
				4BFE2F64040F1FF9E580C665 /* Check Pods Manifest.lock */,
				56A22A0C1B4EE2860061BF26 /* Sources */,
				56A22A0D1B4EE2860061BF26 /* Frameworks */,
				56A22A0E1B4EE2860061BF26 /* Resources */,
				56A22A351B4EE28C0061BF26 /* ShellScript */,
				05522C212A3B9FD04E281CF2 /* Copy Pods Resources */,
			);
			buildRules = (
			);
			dependencies = (
			);
			name = Jointly;
			productName = Jointly;
			productReference = 56A22A101B4EE2860061BF26 /* Jointly.app */;
			productType = "com.apple.product-type.application";
		};
		56A22A241B4EE2860061BF26 /* JointlyTests */ = {
			isa = PBXNativeTarget;
			buildConfigurationList = 56A22A321B4EE2860061BF26 /* Build configuration list for PBXNativeTarget "JointlyTests" */;
			buildPhases = (
				56A22A211B4EE2860061BF26 /* Sources */,
				56A22A221B4EE2860061BF26 /* Frameworks */,
				56A22A231B4EE2860061BF26 /* Resources */,
			);
			buildRules = (
			);
			dependencies = (
				56A22A271B4EE2860061BF26 /* PBXTargetDependency */,
			);
			name = JointlyTests;
			productName = JointlyTests;
			productReference = 56A22A251B4EE2860061BF26 /* JointlyTests.xctest */;
			productType = "com.apple.product-type.bundle.unit-test";
		};
/* End PBXNativeTarget section */

/* Begin PBXProject section */
		56A22A081B4EE2860061BF26 /* Project object */ = {
			isa = PBXProject;
			attributes = {
				LastUpgradeCheck = 0630;
				ORGANIZATIONNAME = "Michelle Chan";
				TargetAttributes = {
					56A22A0F1B4EE2860061BF26 = {
						CreatedOnToolsVersion = 6.3.2;
						DevelopmentTeam = LZ3BZY2F83;
					};
					56A22A241B4EE2860061BF26 = {
						CreatedOnToolsVersion = 6.3.2;
						TestTargetID = 56A22A0F1B4EE2860061BF26;
					};
				};
			};
			buildConfigurationList = 56A22A0B1B4EE2860061BF26 /* Build configuration list for PBXProject "Jointly" */;
			compatibilityVersion = "Xcode 3.2";
			developmentRegion = English;
			hasScannedForEncodings = 0;
			knownRegions = (
				en,
				Base,
			);
			mainGroup = 56A22A071B4EE2860061BF26;
			productRefGroup = 56A22A111B4EE2860061BF26 /* Products */;
			projectDirPath = "";
			projectRoot = "";
			targets = (
				56A22A0F1B4EE2860061BF26 /* Jointly */,
				56A22A241B4EE2860061BF26 /* JointlyTests */,
			);
		};
/* End PBXProject section */

/* Begin PBXResourcesBuildPhase section */
		56A22A0E1B4EE2860061BF26 /* Resources */ = {
			isa = PBXResourcesBuildPhase;
			buildActionMask = 2147483647;
			files = (
				56A22A3C1B4EE2C40061BF26 /* DigitsKitResources.bundle in Resources */,
				56A22A201B4EE2860061BF26 /* LaunchScreen.xib in Resources */,
				56A22A1D1B4EE2860061BF26 /* Images.xcassets in Resources */,
				56A388821B7B06B400CD77B7 /* Main.storyboard in Resources */,
			);
			runOnlyForDeploymentPostprocessing = 0;
		};
		56A22A231B4EE2860061BF26 /* Resources */ = {
			isa = PBXResourcesBuildPhase;
			buildActionMask = 2147483647;
			files = (
			);
			runOnlyForDeploymentPostprocessing = 0;
		};
/* End PBXResourcesBuildPhase section */

/* Begin PBXShellScriptBuildPhase section */
		05522C212A3B9FD04E281CF2 /* Copy Pods Resources */ = {
			isa = PBXShellScriptBuildPhase;
			buildActionMask = 2147483647;
			files = (
			);
			inputPaths = (
			);
			name = "Copy Pods Resources";
			outputPaths = (
			);
			runOnlyForDeploymentPostprocessing = 0;
			shellPath = /bin/sh;
			shellScript = "\"${SRCROOT}/Pods/Target Support Files/Pods-Jointly/Pods-Jointly-resources.sh\"\n";
			showEnvVarsInLog = 0;
		};
		4BFE2F64040F1FF9E580C665 /* Check Pods Manifest.lock */ = {
			isa = PBXShellScriptBuildPhase;
			buildActionMask = 2147483647;
			files = (
			);
			inputPaths = (
			);
			name = "Check Pods Manifest.lock";
			outputPaths = (
			);
			runOnlyForDeploymentPostprocessing = 0;
			shellPath = /bin/sh;
			shellScript = "diff \"${PODS_ROOT}/../Podfile.lock\" \"${PODS_ROOT}/Manifest.lock\" > /dev/null\nif [[ $? != 0 ]] ; then\n    cat << EOM\nerror: The sandbox is not in sync with the Podfile.lock. Run 'pod install' or update your CocoaPods installation.\nEOM\n    exit 1\nfi\n";
			showEnvVarsInLog = 0;
		};
		56A22A351B4EE28C0061BF26 /* ShellScript */ = {
			isa = PBXShellScriptBuildPhase;
			buildActionMask = 2147483647;
			files = (
			);
			inputPaths = (
			);
			outputPaths = (
			);
			runOnlyForDeploymentPostprocessing = 0;
			shellPath = /bin/sh;
			shellScript = "./Fabric.framework/run c658f29353e66eabd3174d301bf44c4db5a2fe5e 52e0e1cea3b24ca9f4edab44b28c09e53cddcd1b6fc28874288ee482d01e9238";
		};
/* End PBXShellScriptBuildPhase section */

/* Begin PBXSourcesBuildPhase section */
		56A22A0C1B4EE2860061BF26 /* Sources */ = {
			isa = PBXSourcesBuildPhase;
			buildActionMask = 2147483647;
			files = (
				565577991B7BBF53009B2D5E /* ScreenLockObserver.m in Sources */,
				56CC78131B5866DA001CD4BC /* SuggestPenaltyViewController.swift in Sources */,
				56369B541B67F4020013DEDE /* MaybeFocusingViewController.swift in Sources */,
				56CE42251B66F71D0040DEE8 /* TimerViewController.swift in Sources */,
				56FFD4421B55C570002AC02E /* CreateMomentViewController.swift in Sources */,
				56A22A481B4F41360061BF26 /* OnBoardDetailsViewController.swift in Sources */,
				56FE6DB61B6BF09000822C94 /* ReceiveSuggestPenaltyViewController.swift in Sources */,
				5637B5FD1B6A800200A3DDA8 /* UserInfoViewController.swift in Sources */,
				56A22A3F1B4EE3010061BF26 /* LoginViewController.swift in Sources */,
				56FFD43F1B55A0C9002AC02E /* HomeViewController.swift in Sources */,
				564E9E391B6FD5C900115FB5 /* UserInfoModel.swift in Sources */,
				56A22A461B4F40E20061BF26 /* OnBoardViewController.swift in Sources */,
				56713FB91B7CFECD006A2A3E /* RMPhoneFormat.m in Sources */,
				5663FBBA1B7546080039109D /* HappyViewController.swift in Sources */,
				56647E391B616ED500DE40D7 /* PFUser+Digits.m in Sources */,
				56A22A161B4EE2860061BF26 /* AppDelegate.swift in Sources */,
				5654A07E1B7021A80053B53C /* PunishmentViewController.swift in Sources */,
			);
			runOnlyForDeploymentPostprocessing = 0;
		};
		56A22A211B4EE2860061BF26 /* Sources */ = {
			isa = PBXSourcesBuildPhase;
			buildActionMask = 2147483647;
			files = (
				56A22A2C1B4EE2860061BF26 /* JointlyTests.swift in Sources */,
			);
			runOnlyForDeploymentPostprocessing = 0;
		};
/* End PBXSourcesBuildPhase section */

/* Begin PBXTargetDependency section */
		56A22A271B4EE2860061BF26 /* PBXTargetDependency */ = {
			isa = PBXTargetDependency;
			target = 56A22A0F1B4EE2860061BF26 /* Jointly */;
			targetProxy = 56A22A261B4EE2860061BF26 /* PBXContainerItemProxy */;
		};
/* End PBXTargetDependency section */

/* Begin PBXVariantGroup section */
		56A22A1E1B4EE2860061BF26 /* LaunchScreen.xib */ = {
			isa = PBXVariantGroup;
			children = (
				56A22A1F1B4EE2860061BF26 /* Base */,
			);
			name = LaunchScreen.xib;
			sourceTree = "<group>";
		};
		56A388801B7B06B400CD77B7 /* Main.storyboard */ = {
			isa = PBXVariantGroup;
			children = (
				56A388811B7B06B400CD77B7 /* Base */,
			);
			name = Main.storyboard;
			sourceTree = "<group>";
		};
/* End PBXVariantGroup section */

/* Begin XCBuildConfiguration section */
		56A22A2D1B4EE2860061BF26 /* Debug */ = {
			isa = XCBuildConfiguration;
			buildSettings = {
				ALWAYS_SEARCH_USER_PATHS = NO;
				CLANG_CXX_LANGUAGE_STANDARD = "gnu++0x";
				CLANG_CXX_LIBRARY = "libc++";
				CLANG_ENABLE_MODULES = YES;
				CLANG_ENABLE_OBJC_ARC = YES;
				CLANG_WARN_BOOL_CONVERSION = YES;
				CLANG_WARN_CONSTANT_CONVERSION = YES;
				CLANG_WARN_DIRECT_OBJC_ISA_USAGE = YES_ERROR;
				CLANG_WARN_EMPTY_BODY = YES;
				CLANG_WARN_ENUM_CONVERSION = YES;
				CLANG_WARN_INT_CONVERSION = YES;
				CLANG_WARN_OBJC_ROOT_CLASS = YES_ERROR;
				CLANG_WARN_UNREACHABLE_CODE = YES;
				CLANG_WARN__DUPLICATE_METHOD_MATCH = YES;
				"CODE_SIGN_IDENTITY[sdk=iphoneos*]" = "iPhone Developer";
				COPY_PHASE_STRIP = NO;
				DEBUG_INFORMATION_FORMAT = "dwarf-with-dsym";
				ENABLE_STRICT_OBJC_MSGSEND = YES;
				GCC_C_LANGUAGE_STANDARD = gnu99;
				GCC_DYNAMIC_NO_PIC = NO;
				GCC_NO_COMMON_BLOCKS = YES;
				GCC_OPTIMIZATION_LEVEL = 0;
				GCC_PREPROCESSOR_DEFINITIONS = (
					"DEBUG=1",
					"$(inherited)",
				);
				GCC_SYMBOLS_PRIVATE_EXTERN = NO;
				GCC_WARN_64_TO_32_BIT_CONVERSION = YES;
				GCC_WARN_ABOUT_RETURN_TYPE = YES_ERROR;
				GCC_WARN_UNDECLARED_SELECTOR = YES;
				GCC_WARN_UNINITIALIZED_AUTOS = YES_AGGRESSIVE;
				GCC_WARN_UNUSED_FUNCTION = YES;
				GCC_WARN_UNUSED_VARIABLE = YES;
				IPHONEOS_DEPLOYMENT_TARGET = 8.3;
				MTL_ENABLE_DEBUG_INFO = YES;
				ONLY_ACTIVE_ARCH = YES;
				SDKROOT = iphoneos;
				SWIFT_OPTIMIZATION_LEVEL = "-Onone";
			};
			name = Debug;
		};
		56A22A2E1B4EE2860061BF26 /* Release */ = {
			isa = XCBuildConfiguration;
			buildSettings = {
				ALWAYS_SEARCH_USER_PATHS = NO;
				CLANG_CXX_LANGUAGE_STANDARD = "gnu++0x";
				CLANG_CXX_LIBRARY = "libc++";
				CLANG_ENABLE_MODULES = YES;
				CLANG_ENABLE_OBJC_ARC = YES;
				CLANG_WARN_BOOL_CONVERSION = YES;
				CLANG_WARN_CONSTANT_CONVERSION = YES;
				CLANG_WARN_DIRECT_OBJC_ISA_USAGE = YES_ERROR;
				CLANG_WARN_EMPTY_BODY = YES;
				CLANG_WARN_ENUM_CONVERSION = YES;
				CLANG_WARN_INT_CONVERSION = YES;
				CLANG_WARN_OBJC_ROOT_CLASS = YES_ERROR;
				CLANG_WARN_UNREACHABLE_CODE = YES;
				CLANG_WARN__DUPLICATE_METHOD_MATCH = YES;
				"CODE_SIGN_IDENTITY[sdk=iphoneos*]" = "iPhone Developer";
				COPY_PHASE_STRIP = NO;
				DEBUG_INFORMATION_FORMAT = "dwarf-with-dsym";
				ENABLE_NS_ASSERTIONS = NO;
				ENABLE_STRICT_OBJC_MSGSEND = YES;
				GCC_C_LANGUAGE_STANDARD = gnu99;
				GCC_NO_COMMON_BLOCKS = YES;
				GCC_WARN_64_TO_32_BIT_CONVERSION = YES;
				GCC_WARN_ABOUT_RETURN_TYPE = YES_ERROR;
				GCC_WARN_UNDECLARED_SELECTOR = YES;
				GCC_WARN_UNINITIALIZED_AUTOS = YES_AGGRESSIVE;
				GCC_WARN_UNUSED_FUNCTION = YES;
				GCC_WARN_UNUSED_VARIABLE = YES;
				IPHONEOS_DEPLOYMENT_TARGET = 8.3;
				MTL_ENABLE_DEBUG_INFO = NO;
				SDKROOT = iphoneos;
				VALIDATE_PRODUCT = YES;
			};
			name = Release;
		};
		56A22A301B4EE2860061BF26 /* Debug */ = {
			isa = XCBuildConfiguration;
			baseConfigurationReference = BB9F3660C2C4C290661FE58A /* Pods-Jointly.debug.xcconfig */;
			buildSettings = {
				ASSETCATALOG_COMPILER_APPICON_NAME = AppIcon;
				CODE_SIGN_IDENTITY = "iPhone Developer";
				"CODE_SIGN_IDENTITY[sdk=iphoneos*]" = "iPhone Developer";
				FRAMEWORK_SEARCH_PATHS = (
					"$(inherited)",
					"$(PROJECT_DIR)",
					/Users/michellechan/Documents/Projects/Jointly/Frameworks/ConvenienceKit/ConvenienceKit/Frameworks,
				);
				INFOPLIST_FILE = Jointly/Info.plist;
				LD_RUNPATH_SEARCH_PATHS = "$(inherited) @executable_path/Frameworks";
				PRODUCT_NAME = "$(TARGET_NAME)";
				PROVISIONING_PROFILE = "0a511201-13e9-47f5-afb1-a0362171b75e";
				SWIFT_OBJC_BRIDGING_HEADER = "Jointly/Jointly-Bridging-Header.h";
				TARGETED_DEVICE_FAMILY = 1;
			};
			name = Debug;
		};
		56A22A311B4EE2860061BF26 /* Release */ = {
			isa = XCBuildConfiguration;
			baseConfigurationReference = 897E20E017482D8EA450412A /* Pods-Jointly.release.xcconfig */;
			buildSettings = {
				ASSETCATALOG_COMPILER_APPICON_NAME = AppIcon;
				CODE_SIGN_IDENTITY = "iPhone Distribution";
				"CODE_SIGN_IDENTITY[sdk=iphoneos*]" = "iPhone Distribution";
				FRAMEWORK_SEARCH_PATHS = (
					"$(inherited)",
					"$(PROJECT_DIR)",
					/Users/michellechan/Documents/Projects/Jointly/Frameworks/ConvenienceKit/ConvenienceKit/Frameworks,
				);
				INFOPLIST_FILE = Jointly/Info.plist;
				LD_RUNPATH_SEARCH_PATHS = "$(inherited) @executable_path/Frameworks";
				PRODUCT_NAME = "$(TARGET_NAME)";
				PROVISIONING_PROFILE = "0a511201-13e9-47f5-afb1-a0362171b75e";
				SWIFT_OBJC_BRIDGING_HEADER = "Jointly/Jointly-Bridging-Header.h";
				TARGETED_DEVICE_FAMILY = 1;
			};
			name = Release;
		};
		56A22A331B4EE2860061BF26 /* Debug */ = {
			isa = XCBuildConfiguration;
			buildSettings = {
				BUNDLE_LOADER = "$(TEST_HOST)";
				FRAMEWORK_SEARCH_PATHS = (
					"$(SDKROOT)/Developer/Library/Frameworks",
					"$(inherited)",
				);
				GCC_PREPROCESSOR_DEFINITIONS = (
					"DEBUG=1",
					"$(inherited)",
				);
				INFOPLIST_FILE = JointlyTests/Info.plist;
				LD_RUNPATH_SEARCH_PATHS = "$(inherited) @executable_path/Frameworks @loader_path/Frameworks";
				PRODUCT_NAME = "$(TARGET_NAME)";
				TEST_HOST = "$(BUILT_PRODUCTS_DIR)/Jointly.app/Jointly";
			};
			name = Debug;
		};
		56A22A341B4EE2860061BF26 /* Release */ = {
			isa = XCBuildConfiguration;
			buildSettings = {
				BUNDLE_LOADER = "$(TEST_HOST)";
				FRAMEWORK_SEARCH_PATHS = (
					"$(SDKROOT)/Developer/Library/Frameworks",
					"$(inherited)",
				);
				INFOPLIST_FILE = JointlyTests/Info.plist;
				LD_RUNPATH_SEARCH_PATHS = "$(inherited) @executable_path/Frameworks @loader_path/Frameworks";
				PRODUCT_NAME = "$(TARGET_NAME)";
				TEST_HOST = "$(BUILT_PRODUCTS_DIR)/Jointly.app/Jointly";
			};
			name = Release;
		};
/* End XCBuildConfiguration section */

/* Begin XCConfigurationList section */
		56A22A0B1B4EE2860061BF26 /* Build configuration list for PBXProject "Jointly" */ = {
			isa = XCConfigurationList;
			buildConfigurations = (
				56A22A2D1B4EE2860061BF26 /* Debug */,
				56A22A2E1B4EE2860061BF26 /* Release */,
			);
			defaultConfigurationIsVisible = 0;
			defaultConfigurationName = Release;
		};
		56A22A2F1B4EE2860061BF26 /* Build configuration list for PBXNativeTarget "Jointly" */ = {
			isa = XCConfigurationList;
			buildConfigurations = (
				56A22A301B4EE2860061BF26 /* Debug */,
				56A22A311B4EE2860061BF26 /* Release */,
			);
			defaultConfigurationIsVisible = 0;
			defaultConfigurationName = Release;
		};
		56A22A321B4EE2860061BF26 /* Build configuration list for PBXNativeTarget "JointlyTests" */ = {
			isa = XCConfigurationList;
			buildConfigurations = (
				56A22A331B4EE2860061BF26 /* Debug */,
				56A22A341B4EE2860061BF26 /* Release */,
			);
			defaultConfigurationIsVisible = 0;
			defaultConfigurationName = Release;
		};
/* End XCConfigurationList section */
	};
	rootObject = 56A22A081B4EE2860061BF26 /* Project object */;
}
